
Microsoft Visual Studio Solution File, Format Version 12.00
# Visual Studio Version 17
VisualStudioVersion = 17.11.35312.102
MinimumVisualStudioVersion = 10.0.40219.1
Project("{FAE04EC0-301F-11D3-BF4B-00C04F79EFBC}") = "openCVproj", "openCVproj\openCVproj.csproj", "{389BC0CC-B643-402D-9B1B-B14E54E570A7}"
EndProject
Global
	GlobalSection(SolutionConfigurationPlatforms) = preSolution
		Debug|Any CPU = Debug|Any CPU
		Release|Any CPU = Release|Any CPU
	EndGlobalSection
	GlobalSection(ProjectConfigurationPlatforms) = postSolution
		{389BC0CC-B643-402D-9B1B-B14E54E570A7}.Debug|Any CPU.ActiveCfg = Debug|Any CPU
		{389BC0CC-B643-402D-9B1B-B14E54E570A7}.Debug|Any CPU.Build.0 = Debug|Any CPU
		{389BC0CC-B643-402D-9B1B-B14E54E570A7}.Release|Any CPU.ActiveCfg = Release|Any CPU
		{389BC0CC-B643-402D-9B1B-B14E54E570A7}.Release|Any CPU.Build.0 = Release|Any CPU
	EndGlobalSection
	GlobalSection(SolutionProperties) = preSolution
		HideSolutionNode = FALSE
	EndGlobalSection
	GlobalSection(ExtensibilityGlobals) = postSolution
		SolutionGuid = {264F8436-D660-4020-AA39-C4C2BA9A5BE2}
	EndGlobalSection
EndGlobal
